{
  "name": "convert-to-compact",
  "version": "1.0.2",
  "lockfileVersion": 3,
  "requires": true,
  "packages": {
    "": {
      "name": "convert-to-compact",
      "version": "1.0.2",
      "license": "MIT",
      "dependencies": {
        "convert-to-compact": "^1.0.2"
      },
      "devDependencies": {
        "typescript": "^5.8.2"
      }
    },
    "node_modules/convert-to-compact": {
      "version": "1.0.2",
      "resolved": "https://registry.npmjs.org/convert-to-compact/-/convert-to-compact-1.0.2.tgz",
      "integrity": "sha512-ALFu4OE2aKiD5u59tdhbCJcwtJPkTdwZLpt5AxFCju5DhF8W8Zwjq2CTD2HR30G1fB9qztgjlx4b6Hg7Cq86FA==",
      "license": "MIT",
      "dependencies": {
        "convert-to-compact": "^1.0.0"
      }
    },
    "node_modules/typescript": {
      "version": "5.8.2",
      "resolved": "https://registry.npmjs.org/typescript/-/typescript-5.8.2.tgz",
      "integrity": "sha512-aJn6wq13/afZp/jT9QZmwEjDqqvSGp1VT5GVg+f/t6/oVyrgXM6BY1h9BRh/O5p3PlUPAe+WuiEZOmb/49RqoQ==",
      "dev": true,
      "license": "Apache-2.0",
      "bin": {
        "tsc": "bin/tsc",
        "tsserver": "bin/tsserver"
      },
      "engines": {
        "node": ">=14.17"
      }
    }
  }
}
